
Microsoft Visual Studio Solution File, Format Version 12.00
# Visual Studio Version 16
VisualStudioVersion = 16.0.29613.14
MinimumVisualStudioVersion = 10.0.40219.1
Project("{9A19103F-16F7-4668-BE54-9A1E7A4F7556}") = "practicados", "practicados.csproj", "{AE9F3E63-FC93-4791-BEA7-5B398879599C}"
EndProject
Global
	GlobalSection(SolutionConfigurationPlatforms) = preSolution
		Debug|Any CPU = Debug|Any CPU
		Release|Any CPU = Release|Any CPU
	EndGlobalSection
	GlobalSection(ProjectConfigurationPlatforms) = postSolution
		{AE9F3E63-FC93-4791-BEA7-5B398879599C}.Debug|Any CPU.ActiveCfg = Debug|Any CPU
		{AE9F3E63-FC93-4791-BEA7-5B398879599C}.Debug|Any CPU.Build.0 = Debug|Any CPU
		{AE9F3E63-FC93-4791-BEA7-5B398879599C}.Release|Any CPU.ActiveCfg = Release|Any CPU
		{AE9F3E63-FC93-4791-BEA7-5B398879599C}.Release|Any CPU.Build.0 = Release|Any CPU
	EndGlobalSection
	GlobalSection(SolutionProperties) = preSolution
		HideSolutionNode = FALSE
	EndGlobalSection
	GlobalSection(ExtensibilityGlobals) = postSolution
		SolutionGuid = {F807BA77-8960-4F29-92AC-15FE6539E896}
	EndGlobalSection
EndGlobal
